
Microsoft Visual Studio Solution File, Format Version 12.00
# Visual Studio 15
VisualStudioVersion = 15.0.28307.572
MinimumVisualStudioVersion = 10.0.40219.1
Project("{8BC9CEB8-8B4A-11D0-8D11-00A0C91BC942}") = "5597", "5597\5597.vcxproj", "{DDC104E0-D556-42D3-A7F3-F10463CDF38C}"
EndProject
Project("{8BC9CEB8-8B4A-11D0-8D11-00A0C91BC942}") = "3052", "3052\3052.vcxproj", "{DEFF07B6-A4D1-42C8-893C-B441344DA20C}"
EndProject
Project("{8BC9CEB8-8B4A-11D0-8D11-00A0C91BC942}") = "1546", "1546\1546.vcxproj", "{EC2936B8-F6DB-48CA-A3A4-57B6533C84A2}"
EndProject
Project("{8BC9CEB8-8B4A-11D0-8D11-00A0C91BC942}") = "8958", "8958\8958.vcxproj", "{C91876E9-AB43-40B9-B9D1-0BFABF1A9F71}"
EndProject
Project("{8BC9CEB8-8B4A-11D0-8D11-00A0C91BC942}") = "4344", "4344\4344.vcxproj", "{48DEBF52-A010-4BE8-B1CA-0238401CBB09}"
EndProject
Project("{8BC9CEB8-8B4A-11D0-8D11-00A0C91BC942}") = "15596", "15596\15596.vcxproj", "{3F04350D-1E60-4993-931C-084517AB2FD0}"
EndProject
Project("{8BC9CEB8-8B4A-11D0-8D11-00A0C91BC942}") = "4673", "4673\4673.vcxproj", "{8D6B07D1-A7D3-47AD-A5B3-08B9CCE503B4}"
EndProject
Project("{8BC9CEB8-8B4A-11D0-8D11-00A0C91BC942}") = "1065", "1065\1065.vcxproj", "{206DF72E-20D4-4FA0-9076-A5794D1680A3}"
EndProject
Global
	GlobalSection(SolutionConfigurationPlatforms) = preSolution
		Debug|x64 = Debug|x64
		Debug|x86 = Debug|x86
		Release|x64 = Release|x64
		Release|x86 = Release|x86
	EndGlobalSection
	GlobalSection(ProjectConfigurationPlatforms) = postSolution
		{DDC104E0-D556-42D3-A7F3-F10463CDF38C}.Debug|x64.ActiveCfg = Debug|x64
		{DDC104E0-D556-42D3-A7F3-F10463CDF38C}.Debug|x64.Build.0 = Debug|x64
		{DDC104E0-D556-42D3-A7F3-F10463CDF38C}.Debug|x86.ActiveCfg = Debug|Win32
		{DDC104E0-D556-42D3-A7F3-F10463CDF38C}.Debug|x86.Build.0 = Debug|Win32
		{DDC104E0-D556-42D3-A7F3-F10463CDF38C}.Release|x64.ActiveCfg = Release|x64
		{DDC104E0-D556-42D3-A7F3-F10463CDF38C}.Release|x64.Build.0 = Release|x64
		{DDC104E0-D556-42D3-A7F3-F10463CDF38C}.Release|x86.ActiveCfg = Release|Win32
		{DDC104E0-D556-42D3-A7F3-F10463CDF38C}.Release|x86.Build.0 = Release|Win32
		{DEFF07B6-A4D1-42C8-893C-B441344DA20C}.Debug|x64.ActiveCfg = Debug|x64
		{DEFF07B6-A4D1-42C8-893C-B441344DA20C}.Debug|x64.Build.0 = Debug|x64
		{DEFF07B6-A4D1-42C8-893C-B441344DA20C}.Debug|x86.ActiveCfg = Debug|Win32
		{DEFF07B6-A4D1-42C8-893C-B441344DA20C}.Debug|x86.Build.0 = Debug|Win32
		{DEFF07B6-A4D1-42C8-893C-B441344DA20C}.Release|x64.ActiveCfg = Release|x64
		{DEFF07B6-A4D1-42C8-893C-B441344DA20C}.Release|x64.Build.0 = Release|x64
		{DEFF07B6-A4D1-42C8-893C-B441344DA20C}.Release|x86.ActiveCfg = Release|Win32
		{DEFF07B6-A4D1-42C8-893C-B441344DA20C}.Release|x86.Build.0 = Release|Win32
		{EC2936B8-F6DB-48CA-A3A4-57B6533C84A2}.Debug|x64.ActiveCfg = Debug|x64
		{EC2936B8-F6DB-48CA-A3A4-57B6533C84A2}.Debug|x64.Build.0 = Debug|x64
		{EC2936B8-F6DB-48CA-A3A4-57B6533C84A2}.Debug|x86.ActiveCfg = Debug|Win32
		{EC2936B8-F6DB-48CA-A3A4-57B6533C84A2}.Debug|x86.Build.0 = Debug|Win32
		{EC2936B8-F6DB-48CA-A3A4-57B6533C84A2}.Release|x64.ActiveCfg = Release|x64
		{EC2936B8-F6DB-48CA-A3A4-57B6533C84A2}.Release|x64.Build.0 = Release|x64
		{EC2936B8-F6DB-48CA-A3A4-57B6533C84A2}.Release|x86.ActiveCfg = Release|Win32
		{EC2936B8-F6DB-48CA-A3A4-57B6533C84A2}.Release|x86.Build.0 = Release|Win32
		{C91876E9-AB43-40B9-B9D1-0BFABF1A9F71}.Debug|x64.ActiveCfg = Debug|x64
		{C91876E9-AB43-40B9-B9D1-0BFABF1A9F71}.Debug|x64.Build.0 = Debug|x64
		{C91876E9-AB43-40B9-B9D1-0BFABF1A9F71}.Debug|x86.ActiveCfg = Debug|Win32
		{C91876E9-AB43-40B9-B9D1-0BFABF1A9F71}.Debug|x86.Build.0 = Debug|Win32
		{C91876E9-AB43-40B9-B9D1-0BFABF1A9F71}.Release|x64.ActiveCfg = Release|x64
		{C91876E9-AB43-40B9-B9D1-0BFABF1A9F71}.Release|x64.Build.0 = Release|x64
		{C91876E9-AB43-40B9-B9D1-0BFABF1A9F71}.Release|x86.ActiveCfg = Release|Win32
		{C91876E9-AB43-40B9-B9D1-0BFABF1A9F71}.Release|x86.Build.0 = Release|Win32
		{48DEBF52-A010-4BE8-B1CA-0238401CBB09}.Debug|x64.ActiveCfg = Debug|x64
		{48DEBF52-A010-4BE8-B1CA-0238401CBB09}.Debug|x64.Build.0 = Debug|x64
		{48DEBF52-A010-4BE8-B1CA-0238401CBB09}.Debug|x86.ActiveCfg = Debug|Win32
		{48DEBF52-A010-4BE8-B1CA-0238401CBB09}.Debug|x86.Build.0 = Debug|Win32
		{48DEBF52-A010-4BE8-B1CA-0238401CBB09}.Release|x64.ActiveCfg = Release|x64
		{48DEBF52-A010-4BE8-B1CA-0238401CBB09}.Release|x64.Build.0 = Release|x64
		{48DEBF52-A010-4BE8-B1CA-0238401CBB09}.Release|x86.ActiveCfg = Release|Win32
		{48DEBF52-A010-4BE8-B1CA-0238401CBB09}.Release|x86.Build.0 = Release|Win32
		{3F04350D-1E60-4993-931C-084517AB2FD0}.Debug|x64.ActiveCfg = Debug|x64
		{3F04350D-1E60-4993-931C-084517AB2FD0}.Debug|x64.Build.0 = Debug|x64
		{3F04350D-1E60-4993-931C-084517AB2FD0}.Debug|x86.ActiveCfg = Debug|Win32
		{3F04350D-1E60-4993-931C-084517AB2FD0}.Debug|x86.Build.0 = Debug|Win32
		{3F04350D-1E60-4993-931C-084517AB2FD0}.Release|x64.ActiveCfg = Release|x64
		{3F04350D-1E60-4993-931C-084517AB2FD0}.Release|x64.Build.0 = Release|x64
		{3F04350D-1E60-4993-931C-084517AB2FD0}.Release|x86.ActiveCfg = Release|Win32
		{3F04350D-1E60-4993-931C-084517AB2FD0}.Release|x86.Build.0 = Release|Win32
		{8D6B07D1-A7D3-47AD-A5B3-08B9CCE503B4}.Debug|x64.ActiveCfg = Debug|x64
		{8D6B07D1-A7D3-47AD-A5B3-08B9CCE503B4}.Debug|x64.Build.0 = Debug|x64
		{8D6B07D1-A7D3-47AD-A5B3-08B9CCE503B4}.Debug|x86.ActiveCfg = Debug|Win32
		{8D6B07D1-A7D3-47AD-A5B3-08B9CCE503B4}.Debug|x86.Build.0 = Debug|Win32
		{8D6B07D1-A7D3-47AD-A5B3-08B9CCE503B4}.Release|x64.ActiveCfg = Release|x64
		{8D6B07D1-A7D3-47AD-A5B3-08B9CCE503B4}.Release|x64.Build.0 = Release|x64
		{8D6B07D1-A7D3-47AD-A5B3-08B9CCE503B4}.Release|x86.ActiveCfg = Release|Win32
		{8D6B07D1-A7D3-47AD-A5B3-08B9CCE503B4}.Release|x86.Build.0 = Release|Win32
		{206DF72E-20D4-4FA0-9076-A5794D1680A3}.Debug|x64.ActiveCfg = Debug|x64
		{206DF72E-20D4-4FA0-9076-A5794D1680A3}.Debug|x64.Build.0 = Debug|x64
		{206DF72E-20D4-4FA0-9076-A5794D1680A3}.Debug|x86.ActiveCfg = Debug|Win32
		{206DF72E-20D4-4FA0-9076-A5794D1680A3}.Debug|x86.Build.0 = Debug|Win32
		{206DF72E-20D4-4FA0-9076-A5794D1680A3}.Release|x64.ActiveCfg = Release|x64
		{206DF72E-20D4-4FA0-9076-A5794D1680A3}.Release|x64.Build.0 = Release|x64
		{206DF72E-20D4-4FA0-9076-A5794D1680A3}.Release|x86.ActiveCfg = Release|Win32
		{206DF72E-20D4-4FA0-9076-A5794D1680A3}.Release|x86.Build.0 = Release|Win32
	EndGlobalSection
	GlobalSection(SolutionProperties) = preSolution
		HideSolutionNode = FALSE
	EndGlobalSection
	GlobalSection(ExtensibilityGlobals) = postSolution
		SolutionGuid = {7F229256-8A9C-4995-9220-FBAAA8233460}
	EndGlobalSection
EndGlobal
