
Microsoft Visual Studio Solution File, Format Version 12.00
# Visual Studio 15
VisualStudioVersion = 15.0.28307.572
MinimumVisualStudioVersion = 10.0.40219.1
Project("{8BC9CEB8-8B4A-11D0-8D11-00A0C91BC942}") = "5597", "5597\5597.vcxproj", "{DDC104E0-D556-42D3-A7F3-F10463CDF38C}"
EndProject
Project("{8BC9CEB8-8B4A-11D0-8D11-00A0C91BC942}") = "3052", "3052\3052.vcxproj", "{DEFF07B6-A4D1-42C8-893C-B441344DA20C}"
EndProject
Project("{8BC9CEB8-8B4A-11D0-8D11-00A0C91BC942}") = "1546", "1546\1546.vcxproj", "{EC2936B8-F6DB-48CA-A3A4-57B6533C84A2}"
EndProject
Project("{8BC9CEB8-8B4A-11D0-8D11-00A0C91BC942}") = "8958", "8958\8958.vcxproj", "{C91876E9-AB43-40B9-B9D1-0BFABF1A9F71}"
EndProject
Project("{8BC9CEB8-8B4A-11D0-8D11-00A0C91BC942}") = "4344", "4344\4344.vcxproj", "{48DEBF52-A010-4BE8-B1CA-0238401CBB09}"
EndProject
Project("{8BC9CEB8-8B4A-11D0-8D11-00A0C91BC942}") = "15596", "15596\15596.vcxproj", "{3F04350D-1E60-4993-931C-084517AB2FD0}"
EndProject
Project("{8BC9CEB8-8B4A-11D0-8D11-00A0C91BC942}") = "4673", "4673\4673.vcxproj", "{8D6B07D1-A7D3-47AD-A5B3-08B9CCE503B4}"
EndProject
Project("{8BC9CEB8-8B4A-11D0-8D11-00A0C91BC942}") = "1065", "1065\1065.vcxproj", "{206DF72E-20D4-4FA0-9076-A5794D1680A3}"
EndProject
Project("{8BC9CEB8-8B4A-11D0-8D11-00A0C91BC942}") = "11720", "11720\11720.vcxproj", "{F4E493BC-050F-479F-BFCB-29FD22378C10}"
EndProject
Project("{8BC9CEB8-8B4A-11D0-8D11-00A0C91BC942}") = "10809", "10809\10809.vcxproj", "{0489EF09-F5E9-4983-BAD9-737E1C879D2E}"
EndProject
Project("{8BC9CEB8-8B4A-11D0-8D11-00A0C91BC942}") = "2675", "2675\2675.vcxproj", "{AE5BB63C-4B68-4117-B0CF-F67DFB1A841D}"
EndProject
Project("{8BC9CEB8-8B4A-11D0-8D11-00A0C91BC942}") = "1157", "1157\1157.vcxproj", "{A7A4D3D4-1819-47C7-90BB-2C6050F19A2D}"
EndProject
Project("{8BC9CEB8-8B4A-11D0-8D11-00A0C91BC942}") = "1152", "1152\1152.vcxproj", "{E3F89851-A830-4A30-BB10-82ACC8A689B9}"
EndProject
Project("{8BC9CEB8-8B4A-11D0-8D11-00A0C91BC942}") = "2908", "2908\2908.vcxproj", "{3A6D559E-16EF-4059-A33F-70A6F4424E3D}"
EndProject
Global
	GlobalSection(SolutionConfigurationPlatforms) = preSolution
		Debug|Any CPU = Debug|Any CPU
		Debug|x64 = Debug|x64
		Debug|x86 = Debug|x86
		Release|Any CPU = Release|Any CPU
		Release|x64 = Release|x64
		Release|x86 = Release|x86
	EndGlobalSection
	GlobalSection(ProjectConfigurationPlatforms) = postSolution
		{DDC104E0-D556-42D3-A7F3-F10463CDF38C}.Debug|Any CPU.ActiveCfg = Debug|Win32
		{DDC104E0-D556-42D3-A7F3-F10463CDF38C}.Debug|x64.ActiveCfg = Debug|x64
		{DDC104E0-D556-42D3-A7F3-F10463CDF38C}.Debug|x64.Build.0 = Debug|x64
		{DDC104E0-D556-42D3-A7F3-F10463CDF38C}.Debug|x86.ActiveCfg = Debug|Win32
		{DDC104E0-D556-42D3-A7F3-F10463CDF38C}.Debug|x86.Build.0 = Debug|Win32
		{DDC104E0-D556-42D3-A7F3-F10463CDF38C}.Release|Any CPU.ActiveCfg = Release|Win32
		{DDC104E0-D556-42D3-A7F3-F10463CDF38C}.Release|x64.ActiveCfg = Release|x64
		{DDC104E0-D556-42D3-A7F3-F10463CDF38C}.Release|x64.Build.0 = Release|x64
		{DDC104E0-D556-42D3-A7F3-F10463CDF38C}.Release|x86.ActiveCfg = Release|Win32
		{DDC104E0-D556-42D3-A7F3-F10463CDF38C}.Release|x86.Build.0 = Release|Win32
		{DEFF07B6-A4D1-42C8-893C-B441344DA20C}.Debug|Any CPU.ActiveCfg = Debug|Win32
		{DEFF07B6-A4D1-42C8-893C-B441344DA20C}.Debug|x64.ActiveCfg = Debug|x64
		{DEFF07B6-A4D1-42C8-893C-B441344DA20C}.Debug|x64.Build.0 = Debug|x64
		{DEFF07B6-A4D1-42C8-893C-B441344DA20C}.Debug|x86.ActiveCfg = Debug|Win32
		{DEFF07B6-A4D1-42C8-893C-B441344DA20C}.Debug|x86.Build.0 = Debug|Win32
		{DEFF07B6-A4D1-42C8-893C-B441344DA20C}.Release|Any CPU.ActiveCfg = Release|Win32
		{DEFF07B6-A4D1-42C8-893C-B441344DA20C}.Release|x64.ActiveCfg = Release|x64
		{DEFF07B6-A4D1-42C8-893C-B441344DA20C}.Release|x64.Build.0 = Release|x64
		{DEFF07B6-A4D1-42C8-893C-B441344DA20C}.Release|x86.ActiveCfg = Release|Win32
		{DEFF07B6-A4D1-42C8-893C-B441344DA20C}.Release|x86.Build.0 = Release|Win32
		{EC2936B8-F6DB-48CA-A3A4-57B6533C84A2}.Debug|Any CPU.ActiveCfg = Debug|Win32
		{EC2936B8-F6DB-48CA-A3A4-57B6533C84A2}.Debug|x64.ActiveCfg = Debug|x64
		{EC2936B8-F6DB-48CA-A3A4-57B6533C84A2}.Debug|x64.Build.0 = Debug|x64
		{EC2936B8-F6DB-48CA-A3A4-57B6533C84A2}.Debug|x86.ActiveCfg = Debug|Win32
		{EC2936B8-F6DB-48CA-A3A4-57B6533C84A2}.Debug|x86.Build.0 = Debug|Win32
		{EC2936B8-F6DB-48CA-A3A4-57B6533C84A2}.Release|Any CPU.ActiveCfg = Release|Win32
		{EC2936B8-F6DB-48CA-A3A4-57B6533C84A2}.Release|x64.ActiveCfg = Release|x64
		{EC2936B8-F6DB-48CA-A3A4-57B6533C84A2}.Release|x64.Build.0 = Release|x64
		{EC2936B8-F6DB-48CA-A3A4-57B6533C84A2}.Release|x86.ActiveCfg = Release|Win32
		{EC2936B8-F6DB-48CA-A3A4-57B6533C84A2}.Release|x86.Build.0 = Release|Win32
		{C91876E9-AB43-40B9-B9D1-0BFABF1A9F71}.Debug|Any CPU.ActiveCfg = Debug|Win32
		{C91876E9-AB43-40B9-B9D1-0BFABF1A9F71}.Debug|x64.ActiveCfg = Debug|x64
		{C91876E9-AB43-40B9-B9D1-0BFABF1A9F71}.Debug|x64.Build.0 = Debug|x64
		{C91876E9-AB43-40B9-B9D1-0BFABF1A9F71}.Debug|x86.ActiveCfg = Debug|Win32
		{C91876E9-AB43-40B9-B9D1-0BFABF1A9F71}.Debug|x86.Build.0 = Debug|Win32
		{C91876E9-AB43-40B9-B9D1-0BFABF1A9F71}.Release|Any CPU.ActiveCfg = Release|Win32
		{C91876E9-AB43-40B9-B9D1-0BFABF1A9F71}.Release|x64.ActiveCfg = Release|x64
		{C91876E9-AB43-40B9-B9D1-0BFABF1A9F71}.Release|x64.Build.0 = Release|x64
		{C91876E9-AB43-40B9-B9D1-0BFABF1A9F71}.Release|x86.ActiveCfg = Release|Win32
		{C91876E9-AB43-40B9-B9D1-0BFABF1A9F71}.Release|x86.Build.0 = Release|Win32
		{48DEBF52-A010-4BE8-B1CA-0238401CBB09}.Debug|Any CPU.ActiveCfg = Debug|Win32
		{48DEBF52-A010-4BE8-B1CA-0238401CBB09}.Debug|x64.ActiveCfg = Debug|x64
		{48DEBF52-A010-4BE8-B1CA-0238401CBB09}.Debug|x64.Build.0 = Debug|x64
		{48DEBF52-A010-4BE8-B1CA-0238401CBB09}.Debug|x86.ActiveCfg = Debug|Win32
		{48DEBF52-A010-4BE8-B1CA-0238401CBB09}.Debug|x86.Build.0 = Debug|Win32
		{48DEBF52-A010-4BE8-B1CA-0238401CBB09}.Release|Any CPU.ActiveCfg = Release|Win32
		{48DEBF52-A010-4BE8-B1CA-0238401CBB09}.Release|x64.ActiveCfg = Release|x64
		{48DEBF52-A010-4BE8-B1CA-0238401CBB09}.Release|x64.Build.0 = Release|x64
		{48DEBF52-A010-4BE8-B1CA-0238401CBB09}.Release|x86.ActiveCfg = Release|Win32
		{48DEBF52-A010-4BE8-B1CA-0238401CBB09}.Release|x86.Build.0 = Release|Win32
		{3F04350D-1E60-4993-931C-084517AB2FD0}.Debug|Any CPU.ActiveCfg = Debug|Win32
		{3F04350D-1E60-4993-931C-084517AB2FD0}.Debug|x64.ActiveCfg = Debug|x64
		{3F04350D-1E60-4993-931C-084517AB2FD0}.Debug|x64.Build.0 = Debug|x64
		{3F04350D-1E60-4993-931C-084517AB2FD0}.Debug|x86.ActiveCfg = Debug|Win32
		{3F04350D-1E60-4993-931C-084517AB2FD0}.Debug|x86.Build.0 = Debug|Win32
		{3F04350D-1E60-4993-931C-084517AB2FD0}.Release|Any CPU.ActiveCfg = Release|Win32
		{3F04350D-1E60-4993-931C-084517AB2FD0}.Release|x64.ActiveCfg = Release|x64
		{3F04350D-1E60-4993-931C-084517AB2FD0}.Release|x64.Build.0 = Release|x64
		{3F04350D-1E60-4993-931C-084517AB2FD0}.Release|x86.ActiveCfg = Release|Win32
		{3F04350D-1E60-4993-931C-084517AB2FD0}.Release|x86.Build.0 = Release|Win32
		{8D6B07D1-A7D3-47AD-A5B3-08B9CCE503B4}.Debug|Any CPU.ActiveCfg = Debug|Win32
		{8D6B07D1-A7D3-47AD-A5B3-08B9CCE503B4}.Debug|x64.ActiveCfg = Debug|x64
		{8D6B07D1-A7D3-47AD-A5B3-08B9CCE503B4}.Debug|x64.Build.0 = Debug|x64
		{8D6B07D1-A7D3-47AD-A5B3-08B9CCE503B4}.Debug|x86.ActiveCfg = Debug|Win32
		{8D6B07D1-A7D3-47AD-A5B3-08B9CCE503B4}.Debug|x86.Build.0 = Debug|Win32
		{8D6B07D1-A7D3-47AD-A5B3-08B9CCE503B4}.Release|Any CPU.ActiveCfg = Release|Win32
		{8D6B07D1-A7D3-47AD-A5B3-08B9CCE503B4}.Release|x64.ActiveCfg = Release|x64
		{8D6B07D1-A7D3-47AD-A5B3-08B9CCE503B4}.Release|x64.Build.0 = Release|x64
		{8D6B07D1-A7D3-47AD-A5B3-08B9CCE503B4}.Release|x86.ActiveCfg = Release|Win32
		{8D6B07D1-A7D3-47AD-A5B3-08B9CCE503B4}.Release|x86.Build.0 = Release|Win32
		{206DF72E-20D4-4FA0-9076-A5794D1680A3}.Debug|Any CPU.ActiveCfg = Debug|Win32
		{206DF72E-20D4-4FA0-9076-A5794D1680A3}.Debug|x64.ActiveCfg = Debug|x64
		{206DF72E-20D4-4FA0-9076-A5794D1680A3}.Debug|x64.Build.0 = Debug|x64
		{206DF72E-20D4-4FA0-9076-A5794D1680A3}.Debug|x86.ActiveCfg = Debug|Win32
		{206DF72E-20D4-4FA0-9076-A5794D1680A3}.Debug|x86.Build.0 = Debug|Win32
		{206DF72E-20D4-4FA0-9076-A5794D1680A3}.Release|Any CPU.ActiveCfg = Release|Win32
		{206DF72E-20D4-4FA0-9076-A5794D1680A3}.Release|x64.ActiveCfg = Release|x64
		{206DF72E-20D4-4FA0-9076-A5794D1680A3}.Release|x64.Build.0 = Release|x64
		{206DF72E-20D4-4FA0-9076-A5794D1680A3}.Release|x86.ActiveCfg = Release|Win32
		{206DF72E-20D4-4FA0-9076-A5794D1680A3}.Release|x86.Build.0 = Release|Win32
		{F4E493BC-050F-479F-BFCB-29FD22378C10}.Debug|Any CPU.ActiveCfg = Debug|Win32
		{F4E493BC-050F-479F-BFCB-29FD22378C10}.Debug|x64.ActiveCfg = Debug|x64
		{F4E493BC-050F-479F-BFCB-29FD22378C10}.Debug|x64.Build.0 = Debug|x64
		{F4E493BC-050F-479F-BFCB-29FD22378C10}.Debug|x86.ActiveCfg = Debug|Win32
		{F4E493BC-050F-479F-BFCB-29FD22378C10}.Debug|x86.Build.0 = Debug|Win32
		{F4E493BC-050F-479F-BFCB-29FD22378C10}.Release|Any CPU.ActiveCfg = Release|Win32
		{F4E493BC-050F-479F-BFCB-29FD22378C10}.Release|x64.ActiveCfg = Release|x64
		{F4E493BC-050F-479F-BFCB-29FD22378C10}.Release|x64.Build.0 = Release|x64
		{F4E493BC-050F-479F-BFCB-29FD22378C10}.Release|x86.ActiveCfg = Release|Win32
		{F4E493BC-050F-479F-BFCB-29FD22378C10}.Release|x86.Build.0 = Release|Win32
		{0489EF09-F5E9-4983-BAD9-737E1C879D2E}.Debug|Any CPU.ActiveCfg = Debug|Win32
		{0489EF09-F5E9-4983-BAD9-737E1C879D2E}.Debug|x64.ActiveCfg = Debug|x64
		{0489EF09-F5E9-4983-BAD9-737E1C879D2E}.Debug|x64.Build.0 = Debug|x64
		{0489EF09-F5E9-4983-BAD9-737E1C879D2E}.Debug|x86.ActiveCfg = Debug|Win32
		{0489EF09-F5E9-4983-BAD9-737E1C879D2E}.Debug|x86.Build.0 = Debug|Win32
		{0489EF09-F5E9-4983-BAD9-737E1C879D2E}.Release|Any CPU.ActiveCfg = Release|Win32
		{0489EF09-F5E9-4983-BAD9-737E1C879D2E}.Release|x64.ActiveCfg = Release|x64
		{0489EF09-F5E9-4983-BAD9-737E1C879D2E}.Release|x64.Build.0 = Release|x64
		{0489EF09-F5E9-4983-BAD9-737E1C879D2E}.Release|x86.ActiveCfg = Release|Win32
		{0489EF09-F5E9-4983-BAD9-737E1C879D2E}.Release|x86.Build.0 = Release|Win32
		{AE5BB63C-4B68-4117-B0CF-F67DFB1A841D}.Debug|Any CPU.ActiveCfg = Debug|Win32
		{AE5BB63C-4B68-4117-B0CF-F67DFB1A841D}.Debug|x64.ActiveCfg = Debug|x64
		{AE5BB63C-4B68-4117-B0CF-F67DFB1A841D}.Debug|x64.Build.0 = Debug|x64
		{AE5BB63C-4B68-4117-B0CF-F67DFB1A841D}.Debug|x86.ActiveCfg = Debug|Win32
		{AE5BB63C-4B68-4117-B0CF-F67DFB1A841D}.Debug|x86.Build.0 = Debug|Win32
		{AE5BB63C-4B68-4117-B0CF-F67DFB1A841D}.Release|Any CPU.ActiveCfg = Release|Win32
		{AE5BB63C-4B68-4117-B0CF-F67DFB1A841D}.Release|x64.ActiveCfg = Release|x64
		{AE5BB63C-4B68-4117-B0CF-F67DFB1A841D}.Release|x64.Build.0 = Release|x64
		{AE5BB63C-4B68-4117-B0CF-F67DFB1A841D}.Release|x86.ActiveCfg = Release|Win32
		{AE5BB63C-4B68-4117-B0CF-F67DFB1A841D}.Release|x86.Build.0 = Release|Win32
		{A7A4D3D4-1819-47C7-90BB-2C6050F19A2D}.Debug|Any CPU.ActiveCfg = Debug|Win32
		{A7A4D3D4-1819-47C7-90BB-2C6050F19A2D}.Debug|x64.ActiveCfg = Debug|x64
		{A7A4D3D4-1819-47C7-90BB-2C6050F19A2D}.Debug|x64.Build.0 = Debug|x64
		{A7A4D3D4-1819-47C7-90BB-2C6050F19A2D}.Debug|x86.ActiveCfg = Debug|Win32
		{A7A4D3D4-1819-47C7-90BB-2C6050F19A2D}.Debug|x86.Build.0 = Debug|Win32
		{A7A4D3D4-1819-47C7-90BB-2C6050F19A2D}.Release|Any CPU.ActiveCfg = Release|Win32
		{A7A4D3D4-1819-47C7-90BB-2C6050F19A2D}.Release|x64.ActiveCfg = Release|x64
		{A7A4D3D4-1819-47C7-90BB-2C6050F19A2D}.Release|x64.Build.0 = Release|x64
		{A7A4D3D4-1819-47C7-90BB-2C6050F19A2D}.Release|x86.ActiveCfg = Release|Win32
		{A7A4D3D4-1819-47C7-90BB-2C6050F19A2D}.Release|x86.Build.0 = Release|Win32
		{E3F89851-A830-4A30-BB10-82ACC8A689B9}.Debug|Any CPU.ActiveCfg = Debug|Win32
		{E3F89851-A830-4A30-BB10-82ACC8A689B9}.Debug|x64.ActiveCfg = Debug|x64
		{E3F89851-A830-4A30-BB10-82ACC8A689B9}.Debug|x64.Build.0 = Debug|x64
		{E3F89851-A830-4A30-BB10-82ACC8A689B9}.Debug|x86.ActiveCfg = Debug|Win32
		{E3F89851-A830-4A30-BB10-82ACC8A689B9}.Debug|x86.Build.0 = Debug|Win32
		{E3F89851-A830-4A30-BB10-82ACC8A689B9}.Release|Any CPU.ActiveCfg = Release|Win32
		{E3F89851-A830-4A30-BB10-82ACC8A689B9}.Release|x64.ActiveCfg = Release|x64
		{E3F89851-A830-4A30-BB10-82ACC8A689B9}.Release|x64.Build.0 = Release|x64
		{E3F89851-A830-4A30-BB10-82ACC8A689B9}.Release|x86.ActiveCfg = Release|Win32
		{E3F89851-A830-4A30-BB10-82ACC8A689B9}.Release|x86.Build.0 = Release|Win32
		{3A6D559E-16EF-4059-A33F-70A6F4424E3D}.Debug|Any CPU.ActiveCfg = Debug|Win32
		{3A6D559E-16EF-4059-A33F-70A6F4424E3D}.Debug|x64.ActiveCfg = Debug|x64
		{3A6D559E-16EF-4059-A33F-70A6F4424E3D}.Debug|x64.Build.0 = Debug|x64
		{3A6D559E-16EF-4059-A33F-70A6F4424E3D}.Debug|x86.ActiveCfg = Debug|Win32
		{3A6D559E-16EF-4059-A33F-70A6F4424E3D}.Debug|x86.Build.0 = Debug|Win32
		{3A6D559E-16EF-4059-A33F-70A6F4424E3D}.Release|Any CPU.ActiveCfg = Release|Win32
		{3A6D559E-16EF-4059-A33F-70A6F4424E3D}.Release|x64.ActiveCfg = Release|x64
		{3A6D559E-16EF-4059-A33F-70A6F4424E3D}.Release|x64.Build.0 = Release|x64
		{3A6D559E-16EF-4059-A33F-70A6F4424E3D}.Release|x86.ActiveCfg = Release|Win32
		{3A6D559E-16EF-4059-A33F-70A6F4424E3D}.Release|x86.Build.0 = Release|Win32
	EndGlobalSection
	GlobalSection(SolutionProperties) = preSolution
		HideSolutionNode = FALSE
	EndGlobalSection
	GlobalSection(ExtensibilityGlobals) = postSolution
		SolutionGuid = {7F229256-8A9C-4995-9220-FBAAA8233460}
	EndGlobalSection
EndGlobal
